
Microsoft Visual Studio Solution File, Format Version 12.00
# Visual Studio Version 17
VisualStudioVersion = 17.0.31903.59
MinimumVisualStudioVersion = 10.0.40219.1
Project("{FAE04EC0-301F-11D3-BF4B-00C04F79EFBC}") = "Dominio", "Dominio\Dominio.csproj", "{EB7BADE0-0FCF-4DA3-9200-5B9ED8EC0DB4}"
EndProject
Project("{FAE04EC0-301F-11D3-BF4B-00C04F79EFBC}") = "Aplicacion", "Aplicacion\Aplicacion.csproj", "{89FD39AC-074B-447C-9A39-DD684C3A0E41}"
EndProject
Project("{FAE04EC0-301F-11D3-BF4B-00C04F79EFBC}") = "Persistencia", "Persistencia\Persistencia.csproj", "{CD834D57-31CE-4F75-A075-8D4ABB734B4B}"
EndProject
Project("{FAE04EC0-301F-11D3-BF4B-00C04F79EFBC}") = "WebAPI", "WebAPI\WebAPI.csproj", "{B3CF3B79-50A2-4C3B-8F36-FACDE63E0B79}"
EndProject
Global
	GlobalSection(SolutionConfigurationPlatforms) = preSolution
		Debug|Any CPU = Debug|Any CPU
		Release|Any CPU = Release|Any CPU
	EndGlobalSection
	GlobalSection(SolutionProperties) = preSolution
		HideSolutionNode = FALSE
	EndGlobalSection
	GlobalSection(ProjectConfigurationPlatforms) = postSolution
		{EB7BADE0-0FCF-4DA3-9200-5B9ED8EC0DB4}.Debug|Any CPU.ActiveCfg = Debug|Any CPU
		{EB7BADE0-0FCF-4DA3-9200-5B9ED8EC0DB4}.Debug|Any CPU.Build.0 = Debug|Any CPU
		{EB7BADE0-0FCF-4DA3-9200-5B9ED8EC0DB4}.Release|Any CPU.ActiveCfg = Release|Any CPU
		{EB7BADE0-0FCF-4DA3-9200-5B9ED8EC0DB4}.Release|Any CPU.Build.0 = Release|Any CPU
		{89FD39AC-074B-447C-9A39-DD684C3A0E41}.Debug|Any CPU.ActiveCfg = Debug|Any CPU
		{89FD39AC-074B-447C-9A39-DD684C3A0E41}.Debug|Any CPU.Build.0 = Debug|Any CPU
		{89FD39AC-074B-447C-9A39-DD684C3A0E41}.Release|Any CPU.ActiveCfg = Release|Any CPU
		{89FD39AC-074B-447C-9A39-DD684C3A0E41}.Release|Any CPU.Build.0 = Release|Any CPU
		{CD834D57-31CE-4F75-A075-8D4ABB734B4B}.Debug|Any CPU.ActiveCfg = Debug|Any CPU
		{CD834D57-31CE-4F75-A075-8D4ABB734B4B}.Debug|Any CPU.Build.0 = Debug|Any CPU
		{CD834D57-31CE-4F75-A075-8D4ABB734B4B}.Release|Any CPU.ActiveCfg = Release|Any CPU
		{CD834D57-31CE-4F75-A075-8D4ABB734B4B}.Release|Any CPU.Build.0 = Release|Any CPU
		{B3CF3B79-50A2-4C3B-8F36-FACDE63E0B79}.Debug|Any CPU.ActiveCfg = Debug|Any CPU
		{B3CF3B79-50A2-4C3B-8F36-FACDE63E0B79}.Debug|Any CPU.Build.0 = Debug|Any CPU
		{B3CF3B79-50A2-4C3B-8F36-FACDE63E0B79}.Release|Any CPU.ActiveCfg = Release|Any CPU
		{B3CF3B79-50A2-4C3B-8F36-FACDE63E0B79}.Release|Any CPU.Build.0 = Release|Any CPU
	EndGlobalSection
EndGlobal
